
Microsoft Visual Studio Solution File, Format Version 12.00
# Visual Studio Version 17
VisualStudioVersion = 17.1.32210.238
MinimumVisualStudioVersion = 10.0.40219.1
Project("{9A19103F-16F7-4668-BE54-9A1E7A4F7556}") = "ShopOnline.Web", "ShopOnline.Web\ShopOnline.Web.csproj", "{7199E491-AB0B-4A27-A4B6-872E4ACD32D3}"
EndProject
Project("{9A19103F-16F7-4668-BE54-9A1E7A4F7556}") = "ShopOnline.Api", "ShopOnline.Api\ShopOnline.Api.csproj", "{B3A3BF7F-1401-4702-8C01-A68878EB4BEF}"
EndProject
Project("{9A19103F-16F7-4668-BE54-9A1E7A4F7556}") = "ShopOnline.Models", "ShopOnline.Models\ShopOnline.Models.csproj", "{A782550A-5696-416F-8037-74905E92243F}"
EndProject
Global
	GlobalSection(SolutionConfigurationPlatforms) = preSolution
		Debug|Any CPU = Debug|Any CPU
		Release|Any CPU = Release|Any CPU
	EndGlobalSection
	GlobalSection(ProjectConfigurationPlatforms) = postSolution
		{7199E491-AB0B-4A27-A4B6-872E4ACD32D3}.Debug|Any CPU.ActiveCfg = Debug|Any CPU
		{7199E491-AB0B-4A27-A4B6-872E4ACD32D3}.Debug|Any CPU.Build.0 = Debug|Any CPU
		{7199E491-AB0B-4A27-A4B6-872E4ACD32D3}.Release|Any CPU.ActiveCfg = Release|Any CPU
		{7199E491-AB0B-4A27-A4B6-872E4ACD32D3}.Release|Any CPU.Build.0 = Release|Any CPU
		{B3A3BF7F-1401-4702-8C01-A68878EB4BEF}.Debug|Any CPU.ActiveCfg = Debug|Any CPU
		{B3A3BF7F-1401-4702-8C01-A68878EB4BEF}.Debug|Any CPU.Build.0 = Debug|Any CPU
		{B3A3BF7F-1401-4702-8C01-A68878EB4BEF}.Release|Any CPU.ActiveCfg = Release|Any CPU
		{B3A3BF7F-1401-4702-8C01-A68878EB4BEF}.Release|Any CPU.Build.0 = Release|Any CPU
		{A782550A-5696-416F-8037-74905E92243F}.Debug|Any CPU.ActiveCfg = Debug|Any CPU
		{A782550A-5696-416F-8037-74905E92243F}.Debug|Any CPU.Build.0 = Debug|Any CPU
		{A782550A-5696-416F-8037-74905E92243F}.Release|Any CPU.ActiveCfg = Release|Any CPU
		{A782550A-5696-416F-8037-74905E92243F}.Release|Any CPU.Build.0 = Release|Any CPU
	EndGlobalSection
	GlobalSection(SolutionProperties) = preSolution
		HideSolutionNode = FALSE
	EndGlobalSection
	GlobalSection(ExtensibilityGlobals) = postSolution
		SolutionGuid = {EDF4D2FC-D9EA-4E0B-AECD-56D7CC14BFF6}
	EndGlobalSection
EndGlobal
